// !$*UTF8*$!
{
	archiveVersion = 1;
	classes = {
	};
	objectVersion = 50;
	objects = {

/* Begin PBXBuildFile section */
		4FAAFAE5207DAB9200676796 /* AppDelegate.m in Sources */ = {isa = PBXBuildFile; fileRef = 4FAAFAE4207DAB9200676796 /* AppDelegate.m */; };
		4FAAFAE8207DAB9200676796 /* ViewController.m in Sources */ = {isa = PBXBuildFile; fileRef = 4FAAFAE7207DAB9200676796 /* ViewController.m */; };
		4FAAFAEB207DAB9200676796 /* Main.storyboard in Resources */ = {isa = PBXBuildFile; fileRef = 4FAAFAE9207DAB9200676796 /* Main.storyboard */; };
		4FAAFAED207DAB9300676796 /* Assets.xcassets in Resources */ = {isa = PBXBuildFile; fileRef = 4FAAFAEC207DAB9300676796 /* Assets.xcassets */; };
		4FAAFAF0207DAB9300676796 /* LaunchScreen.storyboard in Resources */ = {isa = PBXBuildFile; fileRef = 4FAAFAEE207DAB9300676796 /* LaunchScreen.storyboard */; };
		4FAAFAF3207DAB9300676796 /* main.m in Sources */ = {isa = PBXBuildFile; fileRef = 4FAAFAF2207DAB9300676796 /* main.m */; };
		4FAAFAFD207DAB9300676796 /* TouhuTests.m in Sources */ = {isa = PBXBuildFile; fileRef = 4FAAFAFC207DAB9300676796 /* TouhuTests.m */; };
		4FAAFB08207DAB9300676796 /* TouhuUITests.m in Sources */ = {isa = PBXBuildFile; fileRef = 4FAAFB07207DAB9300676796 /* TouhuUITests.m */; };
		4FAAFB1F207DB4E700676796 /* combo_chart@3x.png in Resources */ = {isa = PBXBuildFile; fileRef = 4FAAFB1E207DB4E700676796 /* combo_chart@3x.png */; };
		4FAAFB22207DD6A700676796 /* TopicAlbumTableController.m in Sources */ = {isa = PBXBuildFile; fileRef = 4FAAFB21207DD6A700676796 /* TopicAlbumTableController.m */; };
		4FAAFB2A207DF22600676796 /* QuestionTableController.m in Sources */ = {isa = PBXBuildFile; fileRef = 4FAAFB29207DF22600676796 /* QuestionTableController.m */; };
		4FAAFB32207DF35B00676796 /* UserConsultInfoTableController.m in Sources */ = {isa = PBXBuildFile; fileRef = 4FAAFB31207DF35B00676796 /* UserConsultInfoTableController.m */; };
		4FAAFB37207DF8AC00676796 /* ConsultMasterTableController.m in Sources */ = {isa = PBXBuildFile; fileRef = 4FAAFB36207DF8AC00676796 /* ConsultMasterTableController.m */; };
		4FAAFB3C207E03ED00676796 /* PaidConsultViewController.m in Sources */ = {isa = PBXBuildFile; fileRef = 4FAAFB3B207E03ED00676796 /* PaidConsultViewController.m */; };
		4FAAFB45207F158E00676796 /* DomainMasterTableController.m in Sources */ = {isa = PBXBuildFile; fileRef = 4FAAFB44207F158E00676796 /* DomainMasterTableController.m */; };
		4FAAFB4A207F2D8100676796 /* XWBaseController.m in Sources */ = {isa = PBXBuildFile; fileRef = 4FAAFB49207F2D8100676796 /* XWBaseController.m */; };
		4FAAFB51207F398500676796 /* PaidConsult.storyboard in Resources */ = {isa = PBXBuildFile; fileRef = 4FAAFB50207F398500676796 /* PaidConsult.storyboard */; };
		4FAAFB57207F424A00676796 /* IntereactViewController.m in Sources */ = {isa = PBXBuildFile; fileRef = 4FAAFB56207F424A00676796 /* IntereactViewController.m */; };
		4FAAFB5B207F450800676796 /* test_264.mp4 in Resources */ = {isa = PBXBuildFile; fileRef = 4FAAFB58207F450700676796 /* test_264.mp4 */; };
		4FAAFB5C207F450800676796 /* city_night.png in Resources */ = {isa = PBXBuildFile; fileRef = 4FAAFB59207F450700676796 /* city_night.png */; };
		4FAAFB5D207F450800676796 /* new@2x.png in Resources */ = {isa = PBXBuildFile; fileRef = 4FAAFB5A207F450700676796 /* new@2x.png */; };
		4FAAFB5F207F47E800676796 /* transparence@2x.png in Resources */ = {isa = PBXBuildFile; fileRef = 4FAAFB5E207F47E800676796 /* transparence@2x.png */; };
/* End PBXBuildFile section */

/* Begin PBXContainerItemProxy section */
		4FAAFAF9207DAB9300676796 /* PBXContainerItemProxy */ = {
			isa = PBXContainerItemProxy;
			containerPortal = 4FAAFAD8207DAB9100676796 /* Project object */;
			proxyType = 1;
			remoteGlobalIDString = 4FAAFADF207DAB9100676796;
			remoteInfo = Touhu;
		};
		4FAAFB04207DAB9300676796 /* PBXContainerItemProxy */ = {
			isa = PBXContainerItemProxy;
			containerPortal = 4FAAFAD8207DAB9100676796 /* Project object */;
			proxyType = 1;
			remoteGlobalIDString = 4FAAFADF207DAB9100676796;
			remoteInfo = Touhu;
		};
/* End PBXContainerItemProxy section */

/* Begin PBXFileReference section */
		4FAAFAE0207DAB9100676796 /* Touhu.app */ = {isa = PBXFileReference; explicitFileType = wrapper.application; includeInIndex = 0; path = Touhu.app; sourceTree = BUILT_PRODUCTS_DIR; };
		4FAAFAE3207DAB9100676796 /* AppDelegate.h */ = {isa = PBXFileReference; lastKnownFileType = sourcecode.c.h; path = AppDelegate.h; sourceTree = "<group>"; };
		4FAAFAE4207DAB9200676796 /* AppDelegate.m */ = {isa = PBXFileReference; lastKnownFileType = sourcecode.c.objc; path = AppDelegate.m; sourceTree = "<group>"; };
		4FAAFAE6207DAB9200676796 /* ViewController.h */ = {isa = PBXFileReference; lastKnownFileType = sourcecode.c.h; path = ViewController.h; sourceTree = "<group>"; };
		4FAAFAE7207DAB9200676796 /* ViewController.m */ = {isa = PBXFileReference; lastKnownFileType = sourcecode.c.objc; path = ViewController.m; sourceTree = "<group>"; };
		4FAAFAEA207DAB9200676796 /* Base */ = {isa = PBXFileReference; lastKnownFileType = file.storyboard; name = Base; path = Base.lproj/Main.storyboard; sourceTree = "<group>"; };
		4FAAFAEC207DAB9300676796 /* Assets.xcassets */ = {isa = PBXFileReference; lastKnownFileType = folder.assetcatalog; path = Assets.xcassets; sourceTree = "<group>"; };
		4FAAFAEF207DAB9300676796 /* Base */ = {isa = PBXFileReference; lastKnownFileType = file.storyboard; name = Base; path = Base.lproj/LaunchScreen.storyboard; sourceTree = "<group>"; };
		4FAAFAF1207DAB9300676796 /* Info.plist */ = {isa = PBXFileReference; lastKnownFileType = text.plist.xml; path = Info.plist; sourceTree = "<group>"; };
		4FAAFAF2207DAB9300676796 /* main.m */ = {isa = PBXFileReference; lastKnownFileType = sourcecode.c.objc; path = main.m; sourceTree = "<group>"; };
		4FAAFAF8207DAB9300676796 /* TouhuTests.xctest */ = {isa = PBXFileReference; explicitFileType = wrapper.cfbundle; includeInIndex = 0; path = TouhuTests.xctest; sourceTree = BUILT_PRODUCTS_DIR; };
		4FAAFAFC207DAB9300676796 /* TouhuTests.m */ = {isa = PBXFileReference; lastKnownFileType = sourcecode.c.objc; path = TouhuTests.m; sourceTree = "<group>"; };
		4FAAFAFE207DAB9300676796 /* Info.plist */ = {isa = PBXFileReference; lastKnownFileType = text.plist.xml; path = Info.plist; sourceTree = "<group>"; };
		4FAAFB03207DAB9300676796 /* TouhuUITests.xctest */ = {isa = PBXFileReference; explicitFileType = wrapper.cfbundle; includeInIndex = 0; path = TouhuUITests.xctest; sourceTree = BUILT_PRODUCTS_DIR; };
		4FAAFB07207DAB9300676796 /* TouhuUITests.m */ = {isa = PBXFileReference; lastKnownFileType = sourcecode.c.objc; path = TouhuUITests.m; sourceTree = "<group>"; };
		4FAAFB09207DAB9300676796 /* Info.plist */ = {isa = PBXFileReference; lastKnownFileType = text.plist.xml; path = Info.plist; sourceTree = "<group>"; };
		4FAAFB1E207DB4E700676796 /* combo_chart@3x.png */ = {isa = PBXFileReference; lastKnownFileType = image.png; path = "combo_chart@3x.png"; sourceTree = "<group>"; };
		4FAAFB20207DD6A700676796 /* TopicAlbumTableController.h */ = {isa = PBXFileReference; lastKnownFileType = sourcecode.c.h; path = TopicAlbumTableController.h; sourceTree = "<group>"; };
		4FAAFB21207DD6A700676796 /* TopicAlbumTableController.m */ = {isa = PBXFileReference; lastKnownFileType = sourcecode.c.objc; path = TopicAlbumTableController.m; sourceTree = "<group>"; };
		4FAAFB28207DF22600676796 /* QuestionTableController.h */ = {isa = PBXFileReference; lastKnownFileType = sourcecode.c.h; path = QuestionTableController.h; sourceTree = "<group>"; };
		4FAAFB29207DF22600676796 /* QuestionTableController.m */ = {isa = PBXFileReference; lastKnownFileType = sourcecode.c.objc; path = QuestionTableController.m; sourceTree = "<group>"; };
		4FAAFB30207DF35B00676796 /* UserConsultInfoTableController.h */ = {isa = PBXFileReference; lastKnownFileType = sourcecode.c.h; path = UserConsultInfoTableController.h; sourceTree = "<group>"; };
		4FAAFB31207DF35B00676796 /* UserConsultInfoTableController.m */ = {isa = PBXFileReference; lastKnownFileType = sourcecode.c.objc; path = UserConsultInfoTableController.m; sourceTree = "<group>"; };
		4FAAFB35207DF8AC00676796 /* ConsultMasterTableController.h */ = {isa = PBXFileReference; lastKnownFileType = sourcecode.c.h; path = ConsultMasterTableController.h; sourceTree = "<group>"; };
		4FAAFB36207DF8AC00676796 /* ConsultMasterTableController.m */ = {isa = PBXFileReference; lastKnownFileType = sourcecode.c.objc; path = ConsultMasterTableController.m; sourceTree = "<group>"; };
		4FAAFB3A207E03ED00676796 /* PaidConsultViewController.h */ = {isa = PBXFileReference; lastKnownFileType = sourcecode.c.h; path = PaidConsultViewController.h; sourceTree = "<group>"; };
		4FAAFB3B207E03ED00676796 /* PaidConsultViewController.m */ = {isa = PBXFileReference; lastKnownFileType = sourcecode.c.objc; path = PaidConsultViewController.m; sourceTree = "<group>"; };
		4FAAFB43207F158E00676796 /* DomainMasterTableController.h */ = {isa = PBXFileReference; lastKnownFileType = sourcecode.c.h; path = DomainMasterTableController.h; sourceTree = "<group>"; };
		4FAAFB44207F158E00676796 /* DomainMasterTableController.m */ = {isa = PBXFileReference; lastKnownFileType = sourcecode.c.objc; path = DomainMasterTableController.m; sourceTree = "<group>"; };
		4FAAFB48207F2D8100676796 /* XWBaseController.h */ = {isa = PBXFileReference; lastKnownFileType = sourcecode.c.h; path = XWBaseController.h; sourceTree = "<group>"; };
		4FAAFB49207F2D8100676796 /* XWBaseController.m */ = {isa = PBXFileReference; lastKnownFileType = sourcecode.c.objc; path = XWBaseController.m; sourceTree = "<group>"; };
		4FAAFB4B207F2E9A00676796 /* PrefixHeader.pch */ = {isa = PBXFileReference; lastKnownFileType = sourcecode.c.h; path = PrefixHeader.pch; sourceTree = "<group>"; };
		4FAAFB50207F398500676796 /* PaidConsult.storyboard */ = {isa = PBXFileReference; lastKnownFileType = file.storyboard; path = PaidConsult.storyboard; sourceTree = "<group>"; };
		4FAAFB55207F424A00676796 /* IntereactViewController.h */ = {isa = PBXFileReference; lastKnownFileType = sourcecode.c.h; path = IntereactViewController.h; sourceTree = "<group>"; };
		4FAAFB56207F424A00676796 /* IntereactViewController.m */ = {isa = PBXFileReference; lastKnownFileType = sourcecode.c.objc; path = IntereactViewController.m; sourceTree = "<group>"; };
		4FAAFB58207F450700676796 /* test_264.mp4 */ = {isa = PBXFileReference; lastKnownFileType = file; path = test_264.mp4; sourceTree = "<group>"; };
		4FAAFB59207F450700676796 /* city_night.png */ = {isa = PBXFileReference; lastKnownFileType = image.png; path = city_night.png; sourceTree = "<group>"; };
		4FAAFB5A207F450700676796 /* new@2x.png */ = {isa = PBXFileReference; lastKnownFileType = image.png; path = "new@2x.png"; sourceTree = "<group>"; };
		4FAAFB5E207F47E800676796 /* transparence@2x.png */ = {isa = PBXFileReference; lastKnownFileType = image.png; path = "transparence@2x.png"; sourceTree = "<group>"; };
/* End PBXFileReference section */

/* Begin PBXFrameworksBuildPhase section */
		4FAAFADD207DAB9100676796 /* Frameworks */ = {
			isa = PBXFrameworksBuildPhase;
			buildActionMask = 2147483647;
			files = (
			);
			runOnlyForDeploymentPostprocessing = 0;
		};
		4FAAFAF5207DAB9300676796 /* Frameworks */ = {
			isa = PBXFrameworksBuildPhase;
			buildActionMask = 2147483647;
			files = (
			);
			runOnlyForDeploymentPostprocessing = 0;
		};
		4FAAFB00207DAB9300676796 /* Frameworks */ = {
			isa = PBXFrameworksBuildPhase;
			buildActionMask = 2147483647;
			files = (
			);
			runOnlyForDeploymentPostprocessing = 0;
		};
/* End PBXFrameworksBuildPhase section */

/* Begin PBXGroup section */
		4FAAFAD7207DAB9100676796 = {
			isa = PBXGroup;
			children = (
				4FAAFAE2207DAB9100676796 /* Touhu */,
				4FAAFAFB207DAB9300676796 /* TouhuTests */,
				4FAAFB06207DAB9300676796 /* TouhuUITests */,
				4FAAFAE1207DAB9100676796 /* Products */,
			);
			sourceTree = "<group>";
		};
		4FAAFAE1207DAB9100676796 /* Products */ = {
			isa = PBXGroup;
			children = (
				4FAAFAE0207DAB9100676796 /* Touhu.app */,
				4FAAFAF8207DAB9300676796 /* TouhuTests.xctest */,
				4FAAFB03207DAB9300676796 /* TouhuUITests.xctest */,
			);
			name = Products;
			sourceTree = "<group>";
		};
		4FAAFAE2207DAB9100676796 /* Touhu */ = {
			isa = PBXGroup;
			children = (
				4FAAFAE3207DAB9100676796 /* AppDelegate.h */,
				4FAAFAE4207DAB9200676796 /* AppDelegate.m */,
				4FAAFAE6207DAB9200676796 /* ViewController.h */,
				4FAAFAE7207DAB9200676796 /* ViewController.m */,
				4FAAFB55207F424A00676796 /* IntereactViewController.h */,
				4FAAFB56207F424A00676796 /* IntereactViewController.m */,
				4FAAFB48207F2D8100676796 /* XWBaseController.h */,
				4FAAFB49207F2D8100676796 /* XWBaseController.m */,
				4FAAFB4B207F2E9A00676796 /* PrefixHeader.pch */,
				4FAAFAE9207DAB9200676796 /* Main.storyboard */,
				4FAAFB4F207F390800676796 /* PaidConsult */,
				4FAAFB1E207DB4E700676796 /* combo_chart@3x.png */,
				4FAAFAEC207DAB9300676796 /* Assets.xcassets */,
				4FAAFAEE207DAB9300676796 /* LaunchScreen.storyboard */,
				4FAAFB5E207F47E800676796 /* transparence@2x.png */,
				4FAAFB59207F450700676796 /* city_night.png */,
				4FAAFB5A207F450700676796 /* new@2x.png */,
				4FAAFB58207F450700676796 /* test_264.mp4 */,
				4FAAFAF1207DAB9300676796 /* Info.plist */,
				4FAAFAF2207DAB9300676796 /* main.m */,
			);
			path = Touhu;
			sourceTree = "<group>";
		};
		4FAAFAFB207DAB9300676796 /* TouhuTests */ = {
			isa = PBXGroup;
			children = (
				4FAAFAFC207DAB9300676796 /* TouhuTests.m */,
				4FAAFAFE207DAB9300676796 /* Info.plist */,
			);
			path = TouhuTests;
			sourceTree = "<group>";
		};
		4FAAFB06207DAB9300676796 /* TouhuUITests */ = {
			isa = PBXGroup;
			children = (
				4FAAFB07207DAB9300676796 /* TouhuUITests.m */,
				4FAAFB09207DAB9300676796 /* Info.plist */,
			);
			path = TouhuUITests;
			sourceTree = "<group>";
		};
		4FAAFB4F207F390800676796 /* PaidConsult */ = {
			isa = PBXGroup;
			children = (
				4FAAFB3A207E03ED00676796 /* PaidConsultViewController.h */,
				4FAAFB3B207E03ED00676796 /* PaidConsultViewController.m */,
				4FAAFB50207F398500676796 /* PaidConsult.storyboard */,
				4FAAFB35207DF8AC00676796 /* ConsultMasterTableController.h */,
				4FAAFB36207DF8AC00676796 /* ConsultMasterTableController.m */,
				4FAAFB43207F158E00676796 /* DomainMasterTableController.h */,
				4FAAFB44207F158E00676796 /* DomainMasterTableController.m */,
				4FAAFB28207DF22600676796 /* QuestionTableController.h */,
				4FAAFB29207DF22600676796 /* QuestionTableController.m */,
				4FAAFB20207DD6A700676796 /* TopicAlbumTableController.h */,
				4FAAFB21207DD6A700676796 /* TopicAlbumTableController.m */,
				4FAAFB30207DF35B00676796 /* UserConsultInfoTableController.h */,
				4FAAFB31207DF35B00676796 /* UserConsultInfoTableController.m */,
			);
			path = PaidConsult;
			sourceTree = "<group>";
		};
/* End PBXGroup section */

/* Begin PBXNativeTarget section */
		4FAAFADF207DAB9100676796 /* Touhu */ = {
			isa = PBXNativeTarget;
			buildConfigurationList = 4FAAFB0C207DAB9300676796 /* Build configuration list for PBXNativeTarget "Touhu" */;
			buildPhases = (
				4FAAFADC207DAB9100676796 /* Sources */,
				4FAAFADD207DAB9100676796 /* Frameworks */,
				4FAAFADE207DAB9100676796 /* Resources */,
			);
			buildRules = (
			);
			dependencies = (
			);
			name = Touhu;
			productName = Touhu;
			productReference = 4FAAFAE0207DAB9100676796 /* Touhu.app */;
			productType = "com.apple.product-type.application";
		};
		4FAAFAF7207DAB9300676796 /* TouhuTests */ = {
			isa = PBXNativeTarget;
			buildConfigurationList = 4FAAFB0F207DAB9300676796 /* Build configuration list for PBXNativeTarget "TouhuTests" */;
			buildPhases = (
				4FAAFAF4207DAB9300676796 /* Sources */,
				4FAAFAF5207DAB9300676796 /* Frameworks */,
				4FAAFAF6207DAB9300676796 /* Resources */,
			);
			buildRules = (
			);
			dependencies = (
				4FAAFAFA207DAB9300676796 /* PBXTargetDependency */,
			);
			name = TouhuTests;
			productName = TouhuTests;
			productReference = 4FAAFAF8207DAB9300676796 /* TouhuTests.xctest */;
			productType = "com.apple.product-type.bundle.unit-test";
		};
		4FAAFB02207DAB9300676796 /* TouhuUITests */ = {
			isa = PBXNativeTarget;
			buildConfigurationList = 4FAAFB12207DAB9300676796 /* Build configuration list for PBXNativeTarget "TouhuUITests" */;
			buildPhases = (
				4FAAFAFF207DAB9300676796 /* Sources */,
				4FAAFB00207DAB9300676796 /* Frameworks */,
				4FAAFB01207DAB9300676796 /* Resources */,
			);
			buildRules = (
			);
			dependencies = (
				4FAAFB05207DAB9300676796 /* PBXTargetDependency */,
			);
			name = TouhuUITests;
			productName = TouhuUITests;
			productReference = 4FAAFB03207DAB9300676796 /* TouhuUITests.xctest */;
			productType = "com.apple.product-type.bundle.ui-testing";
		};
/* End PBXNativeTarget section */

/* Begin PBXProject section */
		4FAAFAD8207DAB9100676796 /* Project object */ = {
			isa = PBXProject;
			attributes = {
				LastUpgradeCheck = 0930;
				ORGANIZATIONNAME = csco;
				TargetAttributes = {
					4FAAFADF207DAB9100676796 = {
						CreatedOnToolsVersion = 9.3;
					};
					4FAAFAF7207DAB9300676796 = {
						CreatedOnToolsVersion = 9.3;
						TestTargetID = 4FAAFADF207DAB9100676796;
					};
					4FAAFB02207DAB9300676796 = {
						CreatedOnToolsVersion = 9.3;
						TestTargetID = 4FAAFADF207DAB9100676796;
					};
				};
			};
			buildConfigurationList = 4FAAFADB207DAB9100676796 /* Build configuration list for PBXProject "Touhu" */;
			compatibilityVersion = "Xcode 9.3";
			developmentRegion = en;
			hasScannedForEncodings = 0;
			knownRegions = (
				en,
				Base,
			);
			mainGroup = 4FAAFAD7207DAB9100676796;
			productRefGroup = 4FAAFAE1207DAB9100676796 /* Products */;
			projectDirPath = "";
			projectRoot = "";
			targets = (
				4FAAFADF207DAB9100676796 /* Touhu */,
				4FAAFAF7207DAB9300676796 /* TouhuTests */,
				4FAAFB02207DAB9300676796 /* TouhuUITests */,
			);
		};
/* End PBXProject section */

/* Begin PBXResourcesBuildPhase section */
		4FAAFADE207DAB9100676796 /* Resources */ = {
			isa = PBXResourcesBuildPhase;
			buildActionMask = 2147483647;
			files = (
				4FAAFAF0207DAB9300676796 /* LaunchScreen.storyboard in Resources */,
				4FAAFB5D207F450800676796 /* new@2x.png in Resources */,
				4FAAFB5F207F47E800676796 /* transparence@2x.png in Resources */,
				4FAAFAED207DAB9300676796 /* Assets.xcassets in Resources */,
				4FAAFB5B207F450800676796 /* test_264.mp4 in Resources */,
				4FAAFB1F207DB4E700676796 /* combo_chart@3x.png in Resources */,
				4FAAFAEB207DAB9200676796 /* Main.storyboard in Resources */,
				4FAAFB51207F398500676796 /* PaidConsult.storyboard in Resources */,
				4FAAFB5C207F450800676796 /* city_night.png in Resources */,
			);
			runOnlyForDeploymentPostprocessing = 0;
		};
		4FAAFAF6207DAB9300676796 /* Resources */ = {
			isa = PBXResourcesBuildPhase;
			buildActionMask = 2147483647;
			files = (
			);
			runOnlyForDeploymentPostprocessing = 0;
		};
		4FAAFB01207DAB9300676796 /* Resources */ = {
			isa = PBXResourcesBuildPhase;
			buildActionMask = 2147483647;
			files = (
			);
			runOnlyForDeploymentPostprocessing = 0;
		};
/* End PBXResourcesBuildPhase section */

/* Begin PBXSourcesBuildPhase section */
		4FAAFADC207DAB9100676796 /* Sources */ = {
			isa = PBXSourcesBuildPhase;
			buildActionMask = 2147483647;
			files = (
				4FAAFB45207F158E00676796 /* DomainMasterTableController.m in Sources */,
				4FAAFAE8207DAB9200676796 /* ViewController.m in Sources */,
				4FAAFB22207DD6A700676796 /* TopicAlbumTableController.m in Sources */,
				4FAAFB2A207DF22600676796 /* QuestionTableController.m in Sources */,
				4FAAFAF3207DAB9300676796 /* main.m in Sources */,
				4FAAFB3C207E03ED00676796 /* PaidConsultViewController.m in Sources */,
				4FAAFB4A207F2D8100676796 /* XWBaseController.m in Sources */,
				4FAAFAE5207DAB9200676796 /* AppDelegate.m in Sources */,
				4FAAFB32207DF35B00676796 /* UserConsultInfoTableController.m in Sources */,
				4FAAFB57207F424A00676796 /* IntereactViewController.m in Sources */,
				4FAAFB37207DF8AC00676796 /* ConsultMasterTableController.m in Sources */,
			);
			runOnlyForDeploymentPostprocessing = 0;
		};
		4FAAFAF4207DAB9300676796 /* Sources */ = {
			isa = PBXSourcesBuildPhase;
			buildActionMask = 2147483647;
			files = (
				4FAAFAFD207DAB9300676796 /* TouhuTests.m in Sources */,
			);
			runOnlyForDeploymentPostprocessing = 0;
		};
		4FAAFAFF207DAB9300676796 /* Sources */ = {
			isa = PBXSourcesBuildPhase;
			buildActionMask = 2147483647;
			files = (
				4FAAFB08207DAB9300676796 /* TouhuUITests.m in Sources */,
			);
			runOnlyForDeploymentPostprocessing = 0;
		};
/* End PBXSourcesBuildPhase section */

/* Begin PBXTargetDependency section */
		4FAAFAFA207DAB9300676796 /* PBXTargetDependency */ = {
			isa = PBXTargetDependency;
			target = 4FAAFADF207DAB9100676796 /* Touhu */;
			targetProxy = 4FAAFAF9207DAB9300676796 /* PBXContainerItemProxy */;
		};
		4FAAFB05207DAB9300676796 /* PBXTargetDependency */ = {
			isa = PBXTargetDependency;
			target = 4FAAFADF207DAB9100676796 /* Touhu */;
			targetProxy = 4FAAFB04207DAB9300676796 /* PBXContainerItemProxy */;
		};
/* End PBXTargetDependency section */

/* Begin PBXVariantGroup section */
		4FAAFAE9207DAB9200676796 /* Main.storyboard */ = {
			isa = PBXVariantGroup;
			children = (
				4FAAFAEA207DAB9200676796 /* Base */,
			);
			name = Main.storyboard;
			sourceTree = "<group>";
		};
		4FAAFAEE207DAB9300676796 /* LaunchScreen.storyboard */ = {
			isa = PBXVariantGroup;
			children = (
				4FAAFAEF207DAB9300676796 /* Base */,
			);
			name = LaunchScreen.storyboard;
			sourceTree = "<group>";
		};
/* End PBXVariantGroup section */

/* Begin XCBuildConfiguration section */
		4FAAFB0A207DAB9300676796 /* Debug */ = {
			isa = XCBuildConfiguration;
			buildSettings = {
				ALWAYS_SEARCH_USER_PATHS = NO;
				CLANG_ANALYZER_NONNULL = YES;
				CLANG_ANALYZER_NUMBER_OBJECT_CONVERSION = YES_AGGRESSIVE;
				CLANG_CXX_LANGUAGE_STANDARD = "gnu++14";
				CLANG_CXX_LIBRARY = "libc++";
				CLANG_ENABLE_MODULES = YES;
				CLANG_ENABLE_OBJC_ARC = YES;
				CLANG_ENABLE_OBJC_WEAK = YES;
				CLANG_WARN_BLOCK_CAPTURE_AUTORELEASING = YES;
				CLANG_WARN_BOOL_CONVERSION = YES;
				CLANG_WARN_COMMA = YES;
				CLANG_WARN_CONSTANT_CONVERSION = YES;
				CLANG_WARN_DEPRECATED_OBJC_IMPLEMENTATIONS = YES;
				CLANG_WARN_DIRECT_OBJC_ISA_USAGE = YES_ERROR;
				CLANG_WARN_DOCUMENTATION_COMMENTS = YES;
				CLANG_WARN_EMPTY_BODY = YES;
				CLANG_WARN_ENUM_CONVERSION = YES;
				CLANG_WARN_INFINITE_RECURSION = YES;
				CLANG_WARN_INT_CONVERSION = YES;
				CLANG_WARN_NON_LITERAL_NULL_CONVERSION = YES;
				CLANG_WARN_OBJC_IMPLICIT_RETAIN_SELF = YES;
				CLANG_WARN_OBJC_LITERAL_CONVERSION = YES;
				CLANG_WARN_OBJC_ROOT_CLASS = YES_ERROR;
				CLANG_WARN_RANGE_LOOP_ANALYSIS = YES;
				CLANG_WARN_STRICT_PROTOTYPES = YES;
				CLANG_WARN_SUSPICIOUS_MOVE = YES;
				CLANG_WARN_UNGUARDED_AVAILABILITY = YES_AGGRESSIVE;
				CLANG_WARN_UNREACHABLE_CODE = YES;
				CLANG_WARN__DUPLICATE_METHOD_MATCH = YES;
				CODE_SIGN_IDENTITY = "iPhone Developer";
				COPY_PHASE_STRIP = NO;
				DEBUG_INFORMATION_FORMAT = dwarf;
				ENABLE_STRICT_OBJC_MSGSEND = YES;
				ENABLE_TESTABILITY = YES;
				GCC_C_LANGUAGE_STANDARD = gnu11;
				GCC_DYNAMIC_NO_PIC = NO;
				GCC_NO_COMMON_BLOCKS = YES;
				GCC_OPTIMIZATION_LEVEL = 0;
				GCC_PREPROCESSOR_DEFINITIONS = (
					"DEBUG=1",
					"$(inherited)",
				);
				GCC_WARN_64_TO_32_BIT_CONVERSION = YES;
				GCC_WARN_ABOUT_RETURN_TYPE = YES_ERROR;
				GCC_WARN_UNDECLARED_SELECTOR = YES;
				GCC_WARN_UNINITIALIZED_AUTOS = YES_AGGRESSIVE;
				GCC_WARN_UNUSED_FUNCTION = YES;
				GCC_WARN_UNUSED_VARIABLE = YES;
				IPHONEOS_DEPLOYMENT_TARGET = 11.3;
				MTL_ENABLE_DEBUG_INFO = YES;
				ONLY_ACTIVE_ARCH = YES;
				SDKROOT = iphoneos;
			};
			name = Debug;
		};
		4FAAFB0B207DAB9300676796 /* Release */ = {
			isa = XCBuildConfiguration;
			buildSettings = {
				ALWAYS_SEARCH_USER_PATHS = NO;
				CLANG_ANALYZER_NONNULL = YES;
				CLANG_ANALYZER_NUMBER_OBJECT_CONVERSION = YES_AGGRESSIVE;
				CLANG_CXX_LANGUAGE_STANDARD = "gnu++14";
				CLANG_CXX_LIBRARY = "libc++";
				CLANG_ENABLE_MODULES = YES;
				CLANG_ENABLE_OBJC_ARC = YES;
				CLANG_ENABLE_OBJC_WEAK = YES;
				CLANG_WARN_BLOCK_CAPTURE_AUTORELEASING = YES;
				CLANG_WARN_BOOL_CONVERSION = YES;
				CLANG_WARN_COMMA = YES;
				CLANG_WARN_CONSTANT_CONVERSION = YES;
				CLANG_WARN_DEPRECATED_OBJC_IMPLEMENTATIONS = YES;
				CLANG_WARN_DIRECT_OBJC_ISA_USAGE = YES_ERROR;
				CLANG_WARN_DOCUMENTATION_COMMENTS = YES;
				CLANG_WARN_EMPTY_BODY = YES;
				CLANG_WARN_ENUM_CONVERSION = YES;
				CLANG_WARN_INFINITE_RECURSION = YES;
				CLANG_WARN_INT_CONVERSION = YES;
				CLANG_WARN_NON_LITERAL_NULL_CONVERSION = YES;
				CLANG_WARN_OBJC_IMPLICIT_RETAIN_SELF = YES;
				CLANG_WARN_OBJC_LITERAL_CONVERSION = YES;
				CLANG_WARN_OBJC_ROOT_CLASS = YES_ERROR;
				CLANG_WARN_RANGE_LOOP_ANALYSIS = YES;
				CLANG_WARN_STRICT_PROTOTYPES = YES;
				CLANG_WARN_SUSPICIOUS_MOVE = YES;
				CLANG_WARN_UNGUARDED_AVAILABILITY = YES_AGGRESSIVE;
				CLANG_WARN_UNREACHABLE_CODE = YES;
				CLANG_WARN__DUPLICATE_METHOD_MATCH = YES;
				CODE_SIGN_IDENTITY = "iPhone Developer";
				COPY_PHASE_STRIP = NO;
				DEBUG_INFORMATION_FORMAT = "dwarf-with-dsym";
				ENABLE_NS_ASSERTIONS = NO;
				ENABLE_STRICT_OBJC_MSGSEND = YES;
				GCC_C_LANGUAGE_STANDARD = gnu11;
				GCC_NO_COMMON_BLOCKS = YES;
				GCC_WARN_64_TO_32_BIT_CONVERSION = YES;
				GCC_WARN_ABOUT_RETURN_TYPE = YES_ERROR;
				GCC_WARN_UNDECLARED_SELECTOR = YES;
				GCC_WARN_UNINITIALIZED_AUTOS = YES_AGGRESSIVE;
				GCC_WARN_UNUSED_FUNCTION = YES;
				GCC_WARN_UNUSED_VARIABLE = YES;
				IPHONEOS_DEPLOYMENT_TARGET = 11.3;
				MTL_ENABLE_DEBUG_INFO = NO;
				SDKROOT = iphoneos;
				VALIDATE_PRODUCT = YES;
			};
			name = Release;
		};
		4FAAFB0D207DAB9300676796 /* Debug */ = {
			isa = XCBuildConfiguration;
			buildSettings = {
				ASSETCATALOG_COMPILER_APPICON_NAME = AppIcon;
				CODE_SIGN_STYLE = Automatic;
				DEVELOPMENT_TEAM = 4Y3RY63P53;
				GCC_PREFIX_HEADER = Touhu/PrefixHeader.pch;
				INFOPLIST_FILE = Touhu/Info.plist;
				LD_RUNPATH_SEARCH_PATHS = (
					"$(inherited)",
					"@executable_path/Frameworks",
				);
				PRODUCT_BUNDLE_IDENTIFIER = CS.Touhu;
				PRODUCT_NAME = "$(TARGET_NAME)";
				TARGETED_DEVICE_FAMILY = "1,2";
			};
			name = Debug;
		};
		4FAAFB0E207DAB9300676796 /* Release */ = {
			isa = XCBuildConfiguration;
			buildSettings = {
				ASSETCATALOG_COMPILER_APPICON_NAME = AppIcon;
				CODE_SIGN_STYLE = Automatic;
				DEVELOPMENT_TEAM = 4Y3RY63P53;
				GCC_PREFIX_HEADER = Touhu/PrefixHeader.pch;
				INFOPLIST_FILE = Touhu/Info.plist;
				LD_RUNPATH_SEARCH_PATHS = (
					"$(inherited)",
					"@executable_path/Frameworks",
				);
				PRODUCT_BUNDLE_IDENTIFIER = CS.Touhu;
				PRODUCT_NAME = "$(TARGET_NAME)";
				TARGETED_DEVICE_FAMILY = "1,2";
			};
			name = Release;
		};
		4FAAFB10207DAB9300676796 /* Debug */ = {
			isa = XCBuildConfiguration;
			buildSettings = {
				BUNDLE_LOADER = "$(TEST_HOST)";
				CODE_SIGN_STYLE = Automatic;
				DEVELOPMENT_TEAM = 4Y3RY63P53;
				INFOPLIST_FILE = TouhuTests/Info.plist;
				LD_RUNPATH_SEARCH_PATHS = (
					"$(inherited)",
					"@executable_path/Frameworks",
					"@loader_path/Frameworks",
				);
				PRODUCT_BUNDLE_IDENTIFIER = CS.TouhuTests;
				PRODUCT_NAME = "$(TARGET_NAME)";
				TARGETED_DEVICE_FAMILY = "1,2";
				TEST_HOST = "$(BUILT_PRODUCTS_DIR)/Touhu.app/Touhu";
			};
			name = Debug;
		};
		4FAAFB11207DAB9300676796 /* Release */ = {
			isa = XCBuildConfiguration;
			buildSettings = {
				BUNDLE_LOADER = "$(TEST_HOST)";
				CODE_SIGN_STYLE = Automatic;
				DEVELOPMENT_TEAM = 4Y3RY63P53;
				INFOPLIST_FILE = TouhuTests/Info.plist;
				LD_RUNPATH_SEARCH_PATHS = (
					"$(inherited)",
					"@executable_path/Frameworks",
					"@loader_path/Frameworks",
				);
				PRODUCT_BUNDLE_IDENTIFIER = CS.TouhuTests;
				PRODUCT_NAME = "$(TARGET_NAME)";
				TARGETED_DEVICE_FAMILY = "1,2";
				TEST_HOST = "$(BUILT_PRODUCTS_DIR)/Touhu.app/Touhu";
			};
			name = Release;
		};
		4FAAFB13207DAB9300676796 /* Debug */ = {
			isa = XCBuildConfiguration;
			buildSettings = {
				CODE_SIGN_STYLE = Automatic;
				DEVELOPMENT_TEAM = 4Y3RY63P53;
				INFOPLIST_FILE = TouhuUITests/Info.plist;
				LD_RUNPATH_SEARCH_PATHS = (
					"$(inherited)",
					"@executable_path/Frameworks",
					"@loader_path/Frameworks",
				);
				PRODUCT_BUNDLE_IDENTIFIER = CS.TouhuUITests;
				PRODUCT_NAME = "$(TARGET_NAME)";
				TARGETED_DEVICE_FAMILY = "1,2";
				TEST_TARGET_NAME = Touhu;
			};
			name = Debug;
		};
		4FAAFB14207DAB9300676796 /* Release */ = {
			isa = XCBuildConfiguration;
			buildSettings = {
				CODE_SIGN_STYLE = Automatic;
				DEVELOPMENT_TEAM = 4Y3RY63P53;
				INFOPLIST_FILE = TouhuUITests/Info.plist;
				LD_RUNPATH_SEARCH_PATHS = (
					"$(inherited)",
					"@executable_path/Frameworks",
					"@loader_path/Frameworks",
				);
				PRODUCT_BUNDLE_IDENTIFIER = CS.TouhuUITests;
				PRODUCT_NAME = "$(TARGET_NAME)";
				TARGETED_DEVICE_FAMILY = "1,2";
				TEST_TARGET_NAME = Touhu;
			};
			name = Release;
		};
/* End XCBuildConfiguration section */

/* Begin XCConfigurationList section */
		4FAAFADB207DAB9100676796 /* Build configuration list for PBXProject "Touhu" */ = {
			isa = XCConfigurationList;
			buildConfigurations = (
				4FAAFB0A207DAB9300676796 /* Debug */,
				4FAAFB0B207DAB9300676796 /* Release */,
			);
			defaultConfigurationIsVisible = 0;
			defaultConfigurationName = Release;
		};
		4FAAFB0C207DAB9300676796 /* Build configuration list for PBXNativeTarget "Touhu" */ = {
			isa = XCConfigurationList;
			buildConfigurations = (
				4FAAFB0D207DAB9300676796 /* Debug */,
				4FAAFB0E207DAB9300676796 /* Release */,
			);
			defaultConfigurationIsVisible = 0;
			defaultConfigurationName = Release;
		};
		4FAAFB0F207DAB9300676796 /* Build configuration list for PBXNativeTarget "TouhuTests" */ = {
			isa = XCConfigurationList;
			buildConfigurations = (
				4FAAFB10207DAB9300676796 /* Debug */,
				4FAAFB11207DAB9300676796 /* Release */,
			);
			defaultConfigurationIsVisible = 0;
			defaultConfigurationName = Release;
		};
		4FAAFB12207DAB9300676796 /* Build configuration list for PBXNativeTarget "TouhuUITests" */ = {
			isa = XCConfigurationList;
			buildConfigurations = (
				4FAAFB13207DAB9300676796 /* Debug */,
				4FAAFB14207DAB9300676796 /* Release */,
			);
			defaultConfigurationIsVisible = 0;
			defaultConfigurationName = Release;
		};
/* End XCConfigurationList section */
	};
	rootObject = 4FAAFAD8207DAB9100676796 /* Project object */;
}
